
Microsoft Visual Studio Solution File, Format Version 12.00
# Visual Studio Version 17
VisualStudioVersion = 17.0.31903.59
MinimumVisualStudioVersion = 10.0.40219.1
Project("{FAE04EC0-301F-11D3-BF4B-00C04F79EFBC}") = "TasksApi", "TasksApi\TasksApi.csproj", "{1A85A8B8-445B-48A0-A82E-26D28F94D3E1}"
EndProject
Project("{FAE04EC0-301F-11D3-BF4B-00C04F79EFBC}") = "Tasks", "Tasks\Tasks.csproj", "{5F8E5959-CB9D-4154-9E86-E2881BD10B7D}"
EndProject
Global
	GlobalSection(SolutionConfigurationPlatforms) = preSolution
		Debug|Any CPU = Debug|Any CPU
		Release|Any CPU = Release|Any CPU
	EndGlobalSection
	GlobalSection(SolutionProperties) = preSolution
		HideSolutionNode = FALSE
	EndGlobalSection
	GlobalSection(ProjectConfigurationPlatforms) = postSolution
		{1A85A8B8-445B-48A0-A82E-26D28F94D3E1}.Debug|Any CPU.ActiveCfg = Debug|Any CPU
		{1A85A8B8-445B-48A0-A82E-26D28F94D3E1}.Debug|Any CPU.Build.0 = Debug|Any CPU
		{1A85A8B8-445B-48A0-A82E-26D28F94D3E1}.Release|Any CPU.ActiveCfg = Release|Any CPU
		{1A85A8B8-445B-48A0-A82E-26D28F94D3E1}.Release|Any CPU.Build.0 = Release|Any CPU
		{5F8E5959-CB9D-4154-9E86-E2881BD10B7D}.Debug|Any CPU.ActiveCfg = Debug|Any CPU
		{5F8E5959-CB9D-4154-9E86-E2881BD10B7D}.Debug|Any CPU.Build.0 = Debug|Any CPU
		{5F8E5959-CB9D-4154-9E86-E2881BD10B7D}.Release|Any CPU.ActiveCfg = Release|Any CPU
		{5F8E5959-CB9D-4154-9E86-E2881BD10B7D}.Release|Any CPU.Build.0 = Release|Any CPU
	EndGlobalSection
EndGlobal
